
Microsoft Visual Studio Solution File, Format Version 12.00
# Visual Studio Version 17
VisualStudioVersion = 17.5.33424.131
MinimumVisualStudioVersion = 10.0.40219.1
Project("{9A19103F-16F7-4668-BE54-9A1E7A4F7556}") = "SmiteLib", "SmiteLib\SmiteLib.csproj", "{A5A55341-C2D4-4240-A896-3298F6AF3424}"
EndProject
Project("{9A19103F-16F7-4668-BE54-9A1E7A4F7556}") = "SmiteLib.Tests", "SmiteLib.Tests\SmiteLib.Tests.csproj", "{73C52401-5FC2-43FC-A985-BBF7CEE69FD0}"
EndProject
Project("{9A19103F-16F7-4668-BE54-9A1E7A4F7556}") = "SmiteLib.Tests.TestProgram", "SmiteLib.Tests.TestProgram\SmiteLib.Tests.TestProgram.csproj", "{29B245C0-1E55-4935-B13F-7677FB4E32CF}"
EndProject
Project("{2150E333-8FDC-42A3-9474-1A3956D46DE8}") = "Solution Items", "Solution Items", "{E3A98DDB-364C-447D-8AAF-74D8BB3906B4}"
	ProjectSection(SolutionItems) = preProject
		.gitignore = .gitignore
		README.md = README.md
	EndProjectSection
EndProject
Project("{9A19103F-16F7-4668-BE54-9A1E7A4F7556}") = "SmiteLib.VisualStudio.TestAdapter", "SmiteLib.VisualStudio.TestAdapter\SmiteLib.VisualStudio.TestAdapter.csproj", "{126DC849-6C87-4260-B3A4-61A1B98B2F5A}"
EndProject
Project("{9A19103F-16F7-4668-BE54-9A1E7A4F7556}") = "SmiteLib.Framework", "SmiteLib.Framework\SmiteLib.Framework.csproj", "{CC926AD8-B7C2-4C55-B665-4AAFD2997E9F}"
EndProject
Project("{9A19103F-16F7-4668-BE54-9A1E7A4F7556}") = "SmiteLib.Injection", "SmiteLib.Injection\SmiteLib.Injection.csproj", "{0EF8BD96-72FC-4122-92A6-200FE2621FBE}"
EndProject
Project("{9A19103F-16F7-4668-BE54-9A1E7A4F7556}") = "SmiteLib.Engine", "SmiteLib.Engine\SmiteLib.Engine.csproj", "{50FB6838-9F39-489B-877A-A1E054F3798F}"
EndProject
Project("{2150E333-8FDC-42A3-9474-1A3956D46DE8}") = "Build", "Build", "{45F82C19-0D6F-441C-804F-DF4FA84B2920}"
	ProjectSection(SolutionItems) = preProject
		Build\Common.props = Build\Common.props
		Build\Common.targets = Build\Common.targets
		Build\Debug.targets = Build\Debug.targets
		Build\ILRepack.props = Build\ILRepack.props
		Build\ILRepack.targets = Build\ILRepack.targets
		Build\Package.props = Build\Package.props
		Build\Package.targets = Build\Package.targets
	EndProjectSection
EndProject
Project("{9A19103F-16F7-4668-BE54-9A1E7A4F7556}") = "SmiteLib.Core", "SmiteLib.Core\SmiteLib.Core.csproj", "{E101DFC6-3E75-47BD-8144-11F00306BC66}"
EndProject
Project("{9A19103F-16F7-4668-BE54-9A1E7A4F7556}") = "SmiteLib-Package", "SmiteLib-Package\SmiteLib-Package.csproj", "{00FDFEEA-2C9F-4463-8052-FA70396BDBC3}"
EndProject
Project("{9A19103F-16F7-4668-BE54-9A1E7A4F7556}") = "SmiteLib.Tests.TestProgram.PackageTests", "SmiteLib.Tests.TestProgram\PackageTests\SmiteLib.Tests.TestProgram.PackageTests.csproj", "{3E043F2E-308A-4D7C-A13E-907BBCB702C3}"
EndProject
Project("{9A19103F-16F7-4668-BE54-9A1E7A4F7556}") = "SmiteLib.Tests.PackageTests", "SmiteLib.Tests\PackageTests\SmiteLib.Tests.PackageTests.csproj", "{CA36C545-3304-45F8-8418-0DC9F7A04827}"
EndProject
Global
	GlobalSection(SolutionConfigurationPlatforms) = preSolution
		Debug|Any CPU = Debug|Any CPU
		Release|Any CPU = Release|Any CPU
	EndGlobalSection
	GlobalSection(ProjectConfigurationPlatforms) = postSolution
		{A5A55341-C2D4-4240-A896-3298F6AF3424}.Debug|Any CPU.ActiveCfg = Debug|Any CPU
		{A5A55341-C2D4-4240-A896-3298F6AF3424}.Debug|Any CPU.Build.0 = Debug|Any CPU
		{A5A55341-C2D4-4240-A896-3298F6AF3424}.Release|Any CPU.ActiveCfg = Release|Any CPU
		{A5A55341-C2D4-4240-A896-3298F6AF3424}.Release|Any CPU.Build.0 = Release|Any CPU
		{73C52401-5FC2-43FC-A985-BBF7CEE69FD0}.Debug|Any CPU.ActiveCfg = Debug|Any CPU
		{73C52401-5FC2-43FC-A985-BBF7CEE69FD0}.Debug|Any CPU.Build.0 = Debug|Any CPU
		{73C52401-5FC2-43FC-A985-BBF7CEE69FD0}.Release|Any CPU.ActiveCfg = Release|Any CPU
		{73C52401-5FC2-43FC-A985-BBF7CEE69FD0}.Release|Any CPU.Build.0 = Release|Any CPU
		{29B245C0-1E55-4935-B13F-7677FB4E32CF}.Debug|Any CPU.ActiveCfg = Debug|Any CPU
		{29B245C0-1E55-4935-B13F-7677FB4E32CF}.Debug|Any CPU.Build.0 = Debug|Any CPU
		{29B245C0-1E55-4935-B13F-7677FB4E32CF}.Release|Any CPU.ActiveCfg = Release|Any CPU
		{29B245C0-1E55-4935-B13F-7677FB4E32CF}.Release|Any CPU.Build.0 = Release|Any CPU
		{126DC849-6C87-4260-B3A4-61A1B98B2F5A}.Debug|Any CPU.ActiveCfg = Debug|Any CPU
		{126DC849-6C87-4260-B3A4-61A1B98B2F5A}.Debug|Any CPU.Build.0 = Debug|Any CPU
		{126DC849-6C87-4260-B3A4-61A1B98B2F5A}.Release|Any CPU.ActiveCfg = Release|Any CPU
		{126DC849-6C87-4260-B3A4-61A1B98B2F5A}.Release|Any CPU.Build.0 = Release|Any CPU
		{CC926AD8-B7C2-4C55-B665-4AAFD2997E9F}.Debug|Any CPU.ActiveCfg = Debug|Any CPU
		{CC926AD8-B7C2-4C55-B665-4AAFD2997E9F}.Debug|Any CPU.Build.0 = Debug|Any CPU
		{CC926AD8-B7C2-4C55-B665-4AAFD2997E9F}.Release|Any CPU.ActiveCfg = Release|Any CPU
		{CC926AD8-B7C2-4C55-B665-4AAFD2997E9F}.Release|Any CPU.Build.0 = Release|Any CPU
		{0EF8BD96-72FC-4122-92A6-200FE2621FBE}.Debug|Any CPU.ActiveCfg = Debug|Any CPU
		{0EF8BD96-72FC-4122-92A6-200FE2621FBE}.Debug|Any CPU.Build.0 = Debug|Any CPU
		{0EF8BD96-72FC-4122-92A6-200FE2621FBE}.Release|Any CPU.ActiveCfg = Release|Any CPU
		{0EF8BD96-72FC-4122-92A6-200FE2621FBE}.Release|Any CPU.Build.0 = Release|Any CPU
		{50FB6838-9F39-489B-877A-A1E054F3798F}.Debug|Any CPU.ActiveCfg = Debug|Any CPU
		{50FB6838-9F39-489B-877A-A1E054F3798F}.Debug|Any CPU.Build.0 = Debug|Any CPU
		{50FB6838-9F39-489B-877A-A1E054F3798F}.Release|Any CPU.ActiveCfg = Release|Any CPU
		{50FB6838-9F39-489B-877A-A1E054F3798F}.Release|Any CPU.Build.0 = Release|Any CPU
		{E101DFC6-3E75-47BD-8144-11F00306BC66}.Debug|Any CPU.ActiveCfg = Debug|Any CPU
		{E101DFC6-3E75-47BD-8144-11F00306BC66}.Debug|Any CPU.Build.0 = Debug|Any CPU
		{E101DFC6-3E75-47BD-8144-11F00306BC66}.Release|Any CPU.ActiveCfg = Release|Any CPU
		{E101DFC6-3E75-47BD-8144-11F00306BC66}.Release|Any CPU.Build.0 = Release|Any CPU
		{00FDFEEA-2C9F-4463-8052-FA70396BDBC3}.Debug|Any CPU.ActiveCfg = Debug|Any CPU
		{00FDFEEA-2C9F-4463-8052-FA70396BDBC3}.Debug|Any CPU.Build.0 = Debug|Any CPU
		{00FDFEEA-2C9F-4463-8052-FA70396BDBC3}.Release|Any CPU.ActiveCfg = Release|Any CPU
		{00FDFEEA-2C9F-4463-8052-FA70396BDBC3}.Release|Any CPU.Build.0 = Release|Any CPU
		{3E043F2E-308A-4D7C-A13E-907BBCB702C3}.Debug|Any CPU.ActiveCfg = Debug|Any CPU
		{3E043F2E-308A-4D7C-A13E-907BBCB702C3}.Debug|Any CPU.Build.0 = Debug|Any CPU
		{3E043F2E-308A-4D7C-A13E-907BBCB702C3}.Release|Any CPU.ActiveCfg = Release|Any CPU
		{3E043F2E-308A-4D7C-A13E-907BBCB702C3}.Release|Any CPU.Build.0 = Release|Any CPU
		{CA36C545-3304-45F8-8418-0DC9F7A04827}.Debug|Any CPU.ActiveCfg = Debug|Any CPU
		{CA36C545-3304-45F8-8418-0DC9F7A04827}.Debug|Any CPU.Build.0 = Debug|Any CPU
		{CA36C545-3304-45F8-8418-0DC9F7A04827}.Release|Any CPU.ActiveCfg = Release|Any CPU
		{CA36C545-3304-45F8-8418-0DC9F7A04827}.Release|Any CPU.Build.0 = Release|Any CPU
	EndGlobalSection
	GlobalSection(SolutionProperties) = preSolution
		HideSolutionNode = FALSE
	EndGlobalSection
	GlobalSection(NestedProjects) = preSolution
		{45F82C19-0D6F-441C-804F-DF4FA84B2920} = {E3A98DDB-364C-447D-8AAF-74D8BB3906B4}
	EndGlobalSection
	GlobalSection(ExtensibilityGlobals) = postSolution
		SolutionGuid = {DF05EC99-5F1A-4C5F-BFCC-AF1F4BF233B4}
	EndGlobalSection
EndGlobal
